<?xml version="1.0" encoding="utf-8"?>
<Project ToolsVersion="4.0" xmlns="http://schemas.microsoft.com/developer/msbuild/2003">
  <ItemGroup>
    <Filter Include="Source Files">
      <UniqueIdentifier>{4FC737F1-C7A5-4376-A066-2A32D752A2FF}</UniqueIdentifier>
      <Extensions>cpp;c;cc;cxx;c++;cppm;ixx;def;odl;idl;hpj;bat;asm;asmx</Extensions>
    </Filter>
    <Filter Include="Source Files\entities">
      <UniqueIdentifier>{f2129e2b-dbf8-4faa-9cc8-d4980c878642}</UniqueIdentifier>
    </Filter>
    <Filter Include="Source Files\entities\npcs">
      <UniqueIdentifier>{561ccabe-cbdf-42a6-972e-a2546023d740}</UniqueIdentifier>
    </Filter>
    <Filter Include="Source Files\entities\player">
      <UniqueIdentifier>{993c0454-eba3-4602-b0ac-209d850286ba}</UniqueIdentifier>
    </Filter>
    <Filter Include="Source Files\entities\player\player-comps">
      <UniqueIdentifier>{d0dec275-edf4-4209-8d9e-e51fd84bed2b}</UniqueIdentifier>
    </Filter>
    <Filter Include="Source Files\helpers">
      <UniqueIdentifier>{155db5f8-0274-403c-8703-a63448375fb3}</UniqueIdentifier>
    </Filter>
    <Filter Include="Source Files\serialization">
      <UniqueIdentifier>{1950b488-545d-4a5e-b25d-9925b28d46d0}</UniqueIdentifier>
    </Filter>
    <Filter Include="Source Files\utilities">
      <UniqueIdentifier>{0c24ad10-3204-4bcf-9b50-66f2ea424301}</UniqueIdentifier>
    </Filter>
    <Filter Include="Source Files\utilities\pch">
      <UniqueIdentifier>{7af867fe-0572-46fc-b02b-7f6312b9d47f}</UniqueIdentifier>
    </Filter>
  </ItemGroup>
  <ItemGroup>
    <ClCompile Include="main.cpp">
      <Filter>Source Files</Filter>
    </ClCompile>
    <ClCompile Include="serialization\serialization.cpp">
      <Filter>Source Files\serialization</Filter>
    </ClCompile>
    <ClCompile Include="utilities\prompt.cpp">
      <Filter>Source Files\utilities</Filter>
    </ClCompile>
    <ClCompile Include="utilities\randomness.cpp">
      <Filter>Source Files\utilities</Filter>
    </ClCompile>
    <ClCompile Include="utilities\pch\extended-ascii.cpp">
      <Filter>Source Files\utilities\pch</Filter>
    </ClCompile>
    <ClCompile Include="utilities\pch\helper-concepts.cpp">
      <Filter>Source Files\utilities\pch</Filter>
    </ClCompile>
    <ClCompile Include="utilities\pch\randomness.cpp">
      <Filter>Source Files\utilities\pch</Filter>
    </ClCompile>
    <ClCompile Include="utilities\pch\standard.cpp">
      <Filter>Source Files\utilities\pch</Filter>
    </ClCompile>
    <ClCompile Include="utilities\pch\utilities.cpp">
      <Filter>Source Files\utilities\pch</Filter>
    </ClCompile>
    <ClCompile Include="helpers\echo.cpp">
      <Filter>Source Files\helpers</Filter>
    </ClCompile>
    <ClCompile Include="helpers\enums.cpp">
      <Filter>Source Files\helpers</Filter>
    </ClCompile>
    <ClCompile Include="helpers\Surroundings.cpp">
      <Filter>Source Files\helpers</Filter>
    </ClCompile>
    <ClCompile Include="helpers\TurnHandler.cpp">
      <Filter>Source Files\helpers</Filter>
    </ClCompile>
    <ClCompile Include="entities\Entity.cpp">
      <Filter>Source Files\entities</Filter>
    </ClCompile>
    <ClCompile Include="entities\NPC.cpp">
      <Filter>Source Files\entities</Filter>
    </ClCompile>
    <ClCompile Include="entities\player\Player.cpp">
      <Filter>Source Files\entities\player</Filter>
    </ClCompile>
    <ClCompile Include="entities\player\player-comps\Health.cpp">
      <Filter>Source Files\entities\player\player-comps</Filter>
    </ClCompile>
    <ClCompile Include="entities\player\player-comps\Influences.cpp">
      <Filter>Source Files\entities\player\player-comps</Filter>
    </ClCompile>
    <ClCompile Include="entities\player\player-comps\Inventory.cpp">
      <Filter>Source Files\entities\player\player-comps</Filter>
    </ClCompile>
    <ClCompile Include="entities\player\player-comps\Luck.cpp">
      <Filter>Source Files\entities\player\player-comps</Filter>
    </ClCompile>
    <ClCompile Include="entities\player\player-comps\player-components.cpp">
      <Filter>Source Files\entities\player\player-comps</Filter>
    </ClCompile>
    <ClCompile Include="entities\player\player-comps\StatusEffects.cpp">
      <Filter>Source Files\entities\player\player-comps</Filter>
    </ClCompile>
    <ClCompile Include="entities\npcs\Baker.cpp">
      <Filter>Source Files\entities\npcs</Filter>
    </ClCompile>
    <ClCompile Include="entities\npcs\Blacksmith.cpp">
      <Filter>Source Files\entities\npcs</Filter>
    </ClCompile>
    <ClCompile Include="entities\npcs\Door.cpp">
      <Filter>Source Files\entities\npcs</Filter>
    </ClCompile>
    <ClCompile Include="entities\npcs\Monster.cpp">
      <Filter>Source Files\entities\npcs</Filter>
    </ClCompile>
    <ClCompile Include="entities\npcs\Wizard.cpp">
      <Filter>Source Files\entities\npcs</Filter>
    </ClCompile>
  </ItemGroup>
  <ItemGroup>
    <None Include="readme.md">
      <Filter>Source Files</Filter>
    </None>
  </ItemGroup>
  <ItemGroup>
    <ClInclude Include="serialization\serialization.hpp">
      <Filter>Source Files\serialization</Filter>
    </ClInclude>
    <ClInclude Include="utilities\prompt.hpp">
      <Filter>Source Files\utilities</Filter>
    </ClInclude>
    <ClInclude Include="utilities\randomness.hpp">
      <Filter>Source Files\utilities</Filter>
    </ClInclude>
    <ClInclude Include="utilities\pch\extended-ascii.hpp">
      <Filter>Source Files\utilities\pch</Filter>
    </ClInclude>
    <ClInclude Include="utilities\pch\helper-concepts.hpp">
      <Filter>Source Files\utilities\pch</Filter>
    </ClInclude>
    <ClInclude Include="utilities\pch\randomness.hpp">
      <Filter>Source Files\utilities\pch</Filter>
    </ClInclude>
    <ClInclude Include="utilities\pch\standard.hpp">
      <Filter>Source Files\utilities\pch</Filter>
    </ClInclude>
    <ClInclude Include="utilities\pch\utilities.hpp">
      <Filter>Source Files\utilities\pch</Filter>
    </ClInclude>
    <ClInclude Include="helpers\echo.hpp">
      <Filter>Source Files\helpers</Filter>
    </ClInclude>
    <ClInclude Include="helpers\enums.hpp">
      <Filter>Source Files\helpers</Filter>
    </ClInclude>
    <ClInclude Include="helpers\Surroundings.hpp">
      <Filter>Source Files\helpers</Filter>
    </ClInclude>
    <ClInclude Include="helpers\TurnHandler.hpp">
      <Filter>Source Files\helpers</Filter>
    </ClInclude>
    <ClInclude Include="entities\Entity.hpp">
      <Filter>Source Files\entities</Filter>
    </ClInclude>
    <ClInclude Include="entities\NPC.hpp">
      <Filter>Source Files\entities</Filter>
    </ClInclude>
    <ClInclude Include="entities\player\Player.hpp">
      <Filter>Source Files\entities\player</Filter>
    </ClInclude>
    <ClInclude Include="entities\player\player-comps\Health.hpp">
      <Filter>Source Files\entities\player\player-comps</Filter>
    </ClInclude>
    <ClInclude Include="entities\player\player-comps\Influences.hpp">
      <Filter>Source Files\entities\player\player-comps</Filter>
    </ClInclude>
    <ClInclude Include="entities\player\player-comps\Inventory.hpp">
      <Filter>Source Files\entities\player\player-comps</Filter>
    </ClInclude>
    <ClInclude Include="entities\player\player-comps\IPlayerComponent.hpp">
      <Filter>Source Files\entities\player\player-comps</Filter>
    </ClInclude>
    <ClInclude Include="entities\player\player-comps\Luck.hpp">
      <Filter>Source Files\entities\player\player-comps</Filter>
    </ClInclude>
    <ClInclude Include="entities\player\player-comps\player-components.hpp">
      <Filter>Source Files\entities\player\player-comps</Filter>
    </ClInclude>
    <ClInclude Include="entities\player\player-comps\StatusEffects.hpp">
      <Filter>Source Files\entities\player\player-comps</Filter>
    </ClInclude>
    <ClInclude Include="entities\npcs\Baker.hpp">
      <Filter>Source Files\entities\npcs</Filter>
    </ClInclude>
    <ClInclude Include="entities\npcs\Blacksmith.hpp">
      <Filter>Source Files\entities\npcs</Filter>
    </ClInclude>
    <ClInclude Include="entities\npcs\Door.hpp">
      <Filter>Source Files\entities\npcs</Filter>
    </ClInclude>
    <ClInclude Include="entities\npcs\Monster.hpp">
      <Filter>Source Files\entities\npcs</Filter>
    </ClInclude>
    <ClInclude Include="entities\npcs\Wizard.hpp">
      <Filter>Source Files\entities\npcs</Filter>
    </ClInclude>
  </ItemGroup>
</Project>
