<?xml version="1.0" encoding="utf-8"?>
<Project ToolsVersion="4.0" xmlns="http://schemas.microsoft.com/developer/msbuild/2003">
  <ItemGroup>
    <Filter Include="Source Files">
      <UniqueIdentifier>{4FC737F1-C7A5-4376-A066-2A32D752A2FF}</UniqueIdentifier>
      <Extensions>cpp;c;cc;cxx;c++;cppm;ixx;def;odl;idl;hpj;bat;asm;asmx</Extensions>
    </Filter>
    <Filter Include="Header Files">
      <UniqueIdentifier>{93995380-89BD-4b04-88EB-625FBE52EBFB}</UniqueIdentifier>
      <Extensions>h;hh;hpp;hxx;h++;hm;inl;inc;ipp;xsd</Extensions>
    </Filter>
    <Filter Include="Resource Files">
      <UniqueIdentifier>{67DA6AB6-F800-4c08-8B7A-83BB121AAD01}</UniqueIdentifier>
      <Extensions>rc;ico;cur;bmp;dlg;rc2;rct;bin;rgs;gif;jpg;jpeg;jpe;resx;tiff;tif;png;wav;mfcribbon-ms</Extensions>
    </Filter>
    <Filter Include="Header Files\NPCs">
      <UniqueIdentifier>{44033694-af33-4ec2-a4f1-8342429b5cc8}</UniqueIdentifier>
    </Filter>
    <Filter Include="Source Files\NPCs">
      <UniqueIdentifier>{29a81e8d-35cd-43c1-ad78-edf23cbd03b3}</UniqueIdentifier>
    </Filter>
    <Filter Include="Source Files\Player Components">
      <UniqueIdentifier>{1854716a-82c2-4c36-988d-1ca598cb5a13}</UniqueIdentifier>
    </Filter>
    <Filter Include="Header Files\Player Components">
      <UniqueIdentifier>{6acce29b-55e9-4183-8b38-4c2afb3c6eeb}</UniqueIdentifier>
    </Filter>
  </ItemGroup>
  <ItemGroup>
    <ClCompile Include="Collective.cpp">
      <Filter>Source Files</Filter>
    </ClCompile>
    <ClCompile Include="Interactable.cpp">
      <Filter>Source Files</Filter>
    </ClCompile>
    <ClCompile Include="main.cpp">
      <Filter>Source Files</Filter>
    </ClCompile>
    <ClCompile Include="Player.cpp">
      <Filter>Source Files</Filter>
    </ClCompile>
    <ClCompile Include="serialization.cpp">
      <Filter>Source Files</Filter>
    </ClCompile>
    <ClCompile Include="Surroundings.cpp">
      <Filter>Source Files</Filter>
    </ClCompile>
    <ClCompile Include="utilities.cpp">
      <Filter>Source Files</Filter>
    </ClCompile>
    <ClCompile Include="Baker.cpp">
      <Filter>Source Files\NPCs</Filter>
    </ClCompile>
    <ClCompile Include="Blacksmith.cpp">
      <Filter>Source Files\NPCs</Filter>
    </ClCompile>
    <ClCompile Include="Door.cpp">
      <Filter>Source Files\NPCs</Filter>
    </ClCompile>
    <ClCompile Include="Monster.cpp">
      <Filter>Source Files\NPCs</Filter>
    </ClCompile>
    <ClCompile Include="Wizard.cpp">
      <Filter>Source Files\NPCs</Filter>
    </ClCompile>
    <ClCompile Include="Components.cpp">
      <Filter>Source Files\Player Components</Filter>
    </ClCompile>
    <ClCompile Include="Health.cpp">
      <Filter>Source Files\Player Components</Filter>
    </ClCompile>
    <ClCompile Include="Inventory.cpp">
      <Filter>Source Files\Player Components</Filter>
    </ClCompile>
    <ClCompile Include="Luck.cpp">
      <Filter>Source Files\Player Components</Filter>
    </ClCompile>
    <ClCompile Include="StatusEffects.cpp">
      <Filter>Source Files\Player Components</Filter>
    </ClCompile>
    <ClCompile Include="Influences.cpp">
      <Filter>Source Files\Player Components</Filter>
    </ClCompile>
  </ItemGroup>
  <ItemGroup>
    <ClInclude Include="Collective.hpp">
      <Filter>Header Files</Filter>
    </ClInclude>
    <ClInclude Include="Interactable.hpp">
      <Filter>Header Files</Filter>
    </ClInclude>
    <ClInclude Include="Player.hpp">
      <Filter>Header Files</Filter>
    </ClInclude>
    <ClInclude Include="serialization.hpp">
      <Filter>Header Files</Filter>
    </ClInclude>
    <ClInclude Include="Surroundings.hpp">
      <Filter>Header Files</Filter>
    </ClInclude>
    <ClInclude Include="utilities.hpp">
      <Filter>Header Files</Filter>
    </ClInclude>
    <ClInclude Include="Baker.hpp">
      <Filter>Header Files\NPCs</Filter>
    </ClInclude>
    <ClInclude Include="Blacksmith.hpp">
      <Filter>Header Files\NPCs</Filter>
    </ClInclude>
    <ClInclude Include="Monster.hpp">
      <Filter>Header Files\NPCs</Filter>
    </ClInclude>
    <ClInclude Include="Wizard.hpp">
      <Filter>Header Files\NPCs</Filter>
    </ClInclude>
    <ClInclude Include="Door.hpp">
      <Filter>Header Files\NPCs</Filter>
    </ClInclude>
    <ClInclude Include="Luck.hpp">
      <Filter>Header Files\Player Components</Filter>
    </ClInclude>
    <ClInclude Include="Inventory.hpp">
      <Filter>Header Files\Player Components</Filter>
    </ClInclude>
    <ClInclude Include="Health.hpp">
      <Filter>Header Files\Player Components</Filter>
    </ClInclude>
    <ClInclude Include="Components.hpp">
      <Filter>Header Files\Player Components</Filter>
    </ClInclude>
    <ClInclude Include="StatusEffects.hpp">
      <Filter>Header Files\Player Components</Filter>
    </ClInclude>
    <ClInclude Include="Influences.hpp">
      <Filter>Header Files\Player Components</Filter>
    </ClInclude>
  </ItemGroup>
</Project>