<?xml version="1.0" encoding="utf-8"?>
<Project ToolsVersion="4.0" xmlns="http://schemas.microsoft.com/developer/msbuild/2003">
  <ItemGroup>
    <Filter Include="Source Files">
      <UniqueIdentifier>{4FC737F1-C7A5-4376-A066-2A32D752A2FF}</UniqueIdentifier>
      <Extensions>cpp;c;cc;cxx;c++;cppm;ixx;def;odl;idl;hpj;bat;asm;asmx</Extensions>
    </Filter>
    <Filter Include="Header Files">
      <UniqueIdentifier>{93995380-89BD-4b04-88EB-625FBE52EBFB}</UniqueIdentifier>
      <Extensions>h;hh;hpp;hxx;h++;hm;inl;inc;ipp;xsd</Extensions>
    </Filter>
    <Filter Include="Resource Files">
      <UniqueIdentifier>{67DA6AB6-F800-4c08-8B7A-83BB121AAD01}</UniqueIdentifier>
      <Extensions>rc;ico;cur;bmp;dlg;rc2;rct;bin;rgs;gif;jpg;jpeg;jpe;resx;tiff;tif;png;wav;mfcribbon-ms</Extensions>
    </Filter>
    <Filter Include="Header Files\Types">
      <UniqueIdentifier>{20357721-2fc5-45cb-80ac-19527c13b2d6}</UniqueIdentifier>
    </Filter>
    <Filter Include="Source Files\Types">
      <UniqueIdentifier>{0a126306-3b32-4340-a30e-f548f5a8e2f1}</UniqueIdentifier>
    </Filter>
    <Filter Include="include">
      <UniqueIdentifier>{88341cfa-284d-46c3-9de2-50810b5e617e}</UniqueIdentifier>
    </Filter>
  </ItemGroup>
  <ItemGroup>
    <ClInclude Include="color.h">
      <Filter>Header Files\Types</Filter>
    </ClInclude>
    <ClInclude Include="cxmath.h">
      <Filter>Header Files\Types</Filter>
    </ClInclude>
    <ClInclude Include="irect.h">
      <Filter>Header Files\Types</Filter>
    </ClInclude>
    <ClInclude Include="ivec2.h">
      <Filter>Header Files\Types</Filter>
    </ClInclude>
    <ClInclude Include="rect.h">
      <Filter>Header Files\Types</Filter>
    </ClInclude>
    <ClInclude Include="shapes.h">
      <Filter>Header Files\Types</Filter>
    </ClInclude>
    <ClInclude Include="vec2.h">
      <Filter>Header Files\Types</Filter>
    </ClInclude>
    <ClInclude Include="vec3.h">
      <Filter>Header Files\Types</Filter>
    </ClInclude>
    <ClInclude Include="constants.h">
      <Filter>Header Files\Types</Filter>
    </ClInclude>
    <ClInclude Include="include\HenryLib.h">
      <Filter>include</Filter>
    </ClInclude>
  </ItemGroup>
  <ItemGroup>
    <ClCompile Include="HenryLib.cpp">
      <Filter>Source Files</Filter>
    </ClCompile>
    <ClCompile Include="vec3.cpp">
      <Filter>Source Files\Types</Filter>
    </ClCompile>
    <ClCompile Include="vec2.cpp">
      <Filter>Source Files\Types</Filter>
    </ClCompile>
    <ClCompile Include="rect.cpp">
      <Filter>Source Files\Types</Filter>
    </ClCompile>
    <ClCompile Include="irect.cpp">
      <Filter>Source Files\Types</Filter>
    </ClCompile>
    <ClCompile Include="ivec2.cpp">
      <Filter>Source Files\Types</Filter>
    </ClCompile>
    <ClCompile Include="color.cpp">
      <Filter>Source Files\Types</Filter>
    </ClCompile>
    <ClCompile Include="cxmath.cpp">
      <Filter>Source Files\Types</Filter>
    </ClCompile>
    <ClCompile Include="shapes.cpp">
      <Filter>Source Files\Types</Filter>
    </ClCompile>
  </ItemGroup>
</Project>